{
  "pins" : [
    {
      "identity" : "alamofire",
      "kind" : "remoteSourceControl",
      "location" : "https://github.com/Alamofire/Alamofire.git",
      "state" : {
        "revision" : "3dc6a42c7727c49bf26508e29b0a0b35f9c7e1ad",
        "version" : "5.8.1"
      }
    },
    {
      "identity" : "kakao-ios-sdk",
      "kind" : "remoteSourceControl",
      "location" : "https://github.com/kakao/kakao-ios-sdk",
      "state" : {
        "branch" : "master",
        "revision" : "4747117b01d8b28efbfcb004dbd122b8e1626f79"
      }
    },
    {
      "identity" : "lottie-ios",
      "kind" : "remoteSourceControl",
      "location" : "https://github.com/airbnb/lottie-ios",
      "state" : {
        "revision" : "45517c3cfec9469bbdd4f86e32393c28ae9df0bc",
        "version" : "4.3.3"
      }
    },
    {
      "identity" : "snackbar.swift",
      "kind" : "remoteSourceControl",
      "location" : "https://github.com/ahmedAlmasri/SnackBar.swift",
      "state" : {
        "revision" : "9efa0f9d2a6ae35384a878a0d74dbafd5001a672",
        "version" : "0.1.2"
      }
    },
    {
      "identity" : "snapkit",
      "kind" : "remoteSourceControl",
      "location" : "https://github.com/SnapKit/SnapKit.git",
      "state" : {
        "revision" : "f222cbdf325885926566172f6f5f06af95473158",
        "version" : "5.6.0"
      }
    }
  ],
  "version" : 2
}
