{
  "pins" : [
    {
      "identity" : "alamofire",
      "kind" : "remoteSourceControl",
      "location" : "https://github.com/Alamofire/Alamofire.git",
      "state" : {
        "revision" : "3dc6a42c7727c49bf26508e29b0a0b35f9c7e1ad",
        "version" : "5.8.1"
      }
    },
    {
      "identity" : "kakao-ios-sdk",
      "kind" : "remoteSourceControl",
      "location" : "https://github.com/kakao/kakao-ios-sdk",
      "state" : {
        "branch" : "master",
        "revision" : "4747117b01d8b28efbfcb004dbd122b8e1626f79"
      }
    },
    {
      "identity" : "lottie-ios",
      "kind" : "remoteSourceControl",
      "location" : "https://github.com/airbnb/lottie-ios",
      "state" : {
        "revision" : "45517c3cfec9469bbdd4f86e32393c28ae9df0bc",
        "version" : "4.3.3"
      }
    },
    {
      "identity" : "swiftui-snackbar",
      "kind" : "remoteSourceControl",
      "location" : "https://github.com/jmseb3/SwiftUI-Snackbar.git",
      "state" : {
        "revision" : "f9e758ddd6433ff7698e25f91d8ffe2eece65f80",
        "version" : "0.0.3"
      }
    }
  ],
  "version" : 2
}
