// !$*UTF8*$!
{
	archiveVersion = 1;
	classes = {
	};
	objectVersion = 56;
	objects = {

/* Begin PBXBuildFile section */
		99439B422B43969D001882B3 /* MySnackbar.swift in Sources */ = {isa = PBXBuildFile; fileRef = 99439B412B43969D001882B3 /* MySnackbar.swift */; };
		99439B442B4396E1001882B3 /* MySnackbarController.swift in Sources */ = {isa = PBXBuildFile; fileRef = 99439B432B4396E1001882B3 /* MySnackbarController.swift */; };
		99439B462B439733001882B3 /* MySnackbarView.swift in Sources */ = {isa = PBXBuildFile; fileRef = 99439B452B439733001882B3 /* MySnackbarView.swift */; };
		99439B482B439761001882B3 /* MySnackbarOption.swift in Sources */ = {isa = PBXBuildFile; fileRef = 99439B472B439761001882B3 /* MySnackbarOption.swift */; };
		99439B4A2B439783001882B3 /* MySnackbarItem.swift in Sources */ = {isa = PBXBuildFile; fileRef = 99439B492B439783001882B3 /* MySnackbarItem.swift */; };
		99439B4C2B4397A4001882B3 /* MySnackbarDuration.swift in Sources */ = {isa = PBXBuildFile; fileRef = 99439B4B2B4397A4001882B3 /* MySnackbarDuration.swift */; };
		99439B4E2B4397CA001882B3 /* MySnackbarAction.swift in Sources */ = {isa = PBXBuildFile; fileRef = 99439B4D2B4397CA001882B3 /* MySnackbarAction.swift */; };
		99439B502B44E822001882B3 /* BlockView.swift in Sources */ = {isa = PBXBuildFile; fileRef = 99439B4F2B44E822001882B3 /* BlockView.swift */; };
		F43EE5E72AECDCFF00B3E19E /* ContentView.swift in Sources */ = {isa = PBXBuildFile; fileRef = F43EE5E62AECDCFF00B3E19E /* ContentView.swift */; };
		F43EE5E92AECDF1800B3E19E /* PostView.swift in Sources */ = {isa = PBXBuildFile; fileRef = F43EE5E82AECDF1800B3E19E /* PostView.swift */; };
		F43EE5EB2AECE03600B3E19E /* SettingsView.swift in Sources */ = {isa = PBXBuildFile; fileRef = F43EE5EA2AECE03600B3E19E /* SettingsView.swift */; };
		F43EE5ED2AED0EC800B3E19E /* Message.swift in Sources */ = {isa = PBXBuildFile; fileRef = F43EE5EC2AED0EC800B3E19E /* Message.swift */; };
		F44AEB5B2B0D71D600AA65FC /* Lottie in Frameworks */ = {isa = PBXBuildFile; productRef = F44AEB5A2B0D71D600AA65FC /* Lottie */; };
		F44AEB5D2B0D722200AA65FC /* LottieLike.json in Resources */ = {isa = PBXBuildFile; fileRef = F44AEB5C2B0D722200AA65FC /* LottieLike.json */; };
		F44AEB5F2B0D742A00AA65FC /* LottieView.swift in Sources */ = {isa = PBXBuildFile; fileRef = F44AEB5E2B0D742A00AA65FC /* LottieView.swift */; };
		F4623E552AEBA4B20044F0C5 /* WDG_iOSApp.swift in Sources */ = {isa = PBXBuildFile; fileRef = F4623E542AEBA4B20044F0C5 /* WDG_iOSApp.swift */; };
		F4623E592AEBA4B40044F0C5 /* Assets.xcassets in Resources */ = {isa = PBXBuildFile; fileRef = F4623E582AEBA4B40044F0C5 /* Assets.xcassets */; };
		F4623E5C2AEBA4B40044F0C5 /* Preview Assets.xcassets in Resources */ = {isa = PBXBuildFile; fileRef = F4623E5B2AEBA4B40044F0C5 /* Preview Assets.xcassets */; };
		F4623E642AEBA5AB0044F0C5 /* LoginView.swift in Sources */ = {isa = PBXBuildFile; fileRef = F4623E632AEBA5AB0044F0C5 /* LoginView.swift */; };
		F4623E6A2AEBA8180044F0C5 /* DelaGothicOne-Regular.ttf in Resources */ = {isa = PBXBuildFile; fileRef = F4623E692AEBA8180044F0C5 /* DelaGothicOne-Regular.ttf */; };
		F4623E6F2AEBCD060044F0C5 /* .swiftlint.yml in Resources */ = {isa = PBXBuildFile; fileRef = F4623E6E2AEBCD060044F0C5 /* .swiftlint.yml */; };
		F4623E802AEBD37F0044F0C5 /* KakaoSDK in Frameworks */ = {isa = PBXBuildFile; productRef = F4623E7F2AEBD37F0044F0C5 /* KakaoSDK */; };
		F4623E822AEBD37F0044F0C5 /* KakaoSDKAuth in Frameworks */ = {isa = PBXBuildFile; productRef = F4623E812AEBD37F0044F0C5 /* KakaoSDKAuth */; };
		F4623E842AEBD37F0044F0C5 /* KakaoSDKCert in Frameworks */ = {isa = PBXBuildFile; productRef = F4623E832AEBD37F0044F0C5 /* KakaoSDKCert */; };
		F4623E862AEBD37F0044F0C5 /* KakaoSDKCertCore in Frameworks */ = {isa = PBXBuildFile; productRef = F4623E852AEBD37F0044F0C5 /* KakaoSDKCertCore */; };
		F4623E882AEBD37F0044F0C5 /* KakaoSDKCommon in Frameworks */ = {isa = PBXBuildFile; productRef = F4623E872AEBD37F0044F0C5 /* KakaoSDKCommon */; };
		F4623E912AEBEA590044F0C5 /* AppDelegate.swift in Sources */ = {isa = PBXBuildFile; fileRef = F4623E902AEBEA590044F0C5 /* AppDelegate.swift */; };
		F4623E932AEBEC990044F0C5 /* SceneDelegate.swift in Sources */ = {isa = PBXBuildFile; fileRef = F4623E922AEBEC990044F0C5 /* SceneDelegate.swift */; };
		F4623E952AEBF3400044F0C5 /* AuthModel.swift in Sources */ = {isa = PBXBuildFile; fileRef = F4623E942AEBF3400044F0C5 /* AuthModel.swift */; };
		F4623E972AEC036B0044F0C5 /* MainListView.swift in Sources */ = {isa = PBXBuildFile; fileRef = F4623E962AEC036B0044F0C5 /* MainListView.swift */; };
		F4B3D2F82B351A7E00948868 /* GoogleMobileAds in Frameworks */ = {isa = PBXBuildFile; productRef = F4B3D2F72B351A7E00948868 /* GoogleMobileAds */; };
		F4B3D2FA2B351DC500948868 /* GADBannerView.swift in Sources */ = {isa = PBXBuildFile; fileRef = F4B3D2F92B351DC500948868 /* GADBannerView.swift */; };
		F4C1B0892AEFCD6D009B9FF3 /* SetNicknameView.swift in Sources */ = {isa = PBXBuildFile; fileRef = F4C1B0882AEFCD6D009B9FF3 /* SetNicknameView.swift */; };
		F4C1B08D2AF12DD2009B9FF3 /* SetNicknameViewModel.swift in Sources */ = {isa = PBXBuildFile; fileRef = F4C1B08C2AF12DD2009B9FF3 /* SetNicknameViewModel.swift */; };
		F4C1B08F2AF31F8B009B9FF3 /* ShakeMotion.swift in Sources */ = {isa = PBXBuildFile; fileRef = F4C1B08E2AF31F8B009B9FF3 /* ShakeMotion.swift */; };
		F4C1B0932AF36738009B9FF3 /* TokenModel.swift in Sources */ = {isa = PBXBuildFile; fileRef = F4C1B0922AF36738009B9FF3 /* TokenModel.swift */; };
		F4C1B0952AF36858009B9FF3 /* KeyChainSwift.swift in Sources */ = {isa = PBXBuildFile; fileRef = F4C1B0942AF36858009B9FF3 /* KeyChainSwift.swift */; };
		F4C1B0972AF606B4009B9FF3 /* ProfileView.swift in Sources */ = {isa = PBXBuildFile; fileRef = F4C1B0962AF606B4009B9FF3 /* ProfileView.swift */; };
		F4D28B952B184A2700E61997 /* ColorConverter.swift in Sources */ = {isa = PBXBuildFile; fileRef = F4D28B942B184A2700E61997 /* ColorConverter.swift */; };
		F4D7892F2B0B4BCB001B9B19 /* UserInfo.swift in Sources */ = {isa = PBXBuildFile; fileRef = F4D7892E2B0B4BCB001B9B19 /* UserInfo.swift */; };
		F4E92E612AF8D3E60041C8F4 /* PostModel.swift in Sources */ = {isa = PBXBuildFile; fileRef = F4E92E602AF8D3E50041C8F4 /* PostModel.swift */; };
		F4E92E632AF9C54B0041C8F4 /* LocationModel.swift in Sources */ = {isa = PBXBuildFile; fileRef = F4E92E622AF9C54B0041C8F4 /* LocationModel.swift */; };
		F4E92E652AFE7CCE0041C8F4 /* MyTabView.swift in Sources */ = {isa = PBXBuildFile; fileRef = F4E92E642AFE7CCE0041C8F4 /* MyTabView.swift */; };
		F4E92E672AFE7F7B0041C8F4 /* NavbarView.swift in Sources */ = {isa = PBXBuildFile; fileRef = F4E92E662AFE7F7B0041C8F4 /* NavbarView.swift */; };
/* End PBXBuildFile section */

/* Begin PBXFileReference section */
		99439B412B43969D001882B3 /* MySnackbar.swift */ = {isa = PBXFileReference; lastKnownFileType = sourcecode.swift; name = MySnackbar.swift; path = MySnackbar/MySnackbar.swift; sourceTree = "<group>"; };
		99439B432B4396E1001882B3 /* MySnackbarController.swift */ = {isa = PBXFileReference; lastKnownFileType = sourcecode.swift; name = MySnackbarController.swift; path = MySnackbar/MySnackbarController.swift; sourceTree = "<group>"; };
		99439B452B439733001882B3 /* MySnackbarView.swift */ = {isa = PBXFileReference; lastKnownFileType = sourcecode.swift; name = MySnackbarView.swift; path = MySnackbar/MySnackbarView.swift; sourceTree = "<group>"; };
		99439B472B439761001882B3 /* MySnackbarOption.swift */ = {isa = PBXFileReference; lastKnownFileType = sourcecode.swift; name = MySnackbarOption.swift; path = MySnackbar/MySnackbarOption.swift; sourceTree = "<group>"; };
		99439B492B439783001882B3 /* MySnackbarItem.swift */ = {isa = PBXFileReference; lastKnownFileType = sourcecode.swift; name = MySnackbarItem.swift; path = MySnackbar/MySnackbarItem.swift; sourceTree = "<group>"; };
		99439B4B2B4397A4001882B3 /* MySnackbarDuration.swift */ = {isa = PBXFileReference; lastKnownFileType = sourcecode.swift; name = MySnackbarDuration.swift; path = MySnackbar/MySnackbarDuration.swift; sourceTree = "<group>"; };
		99439B4D2B4397CA001882B3 /* MySnackbarAction.swift */ = {isa = PBXFileReference; lastKnownFileType = sourcecode.swift; name = MySnackbarAction.swift; path = MySnackbar/MySnackbarAction.swift; sourceTree = "<group>"; };
		99439B4F2B44E822001882B3 /* BlockView.swift */ = {isa = PBXFileReference; lastKnownFileType = sourcecode.swift; path = BlockView.swift; sourceTree = "<group>"; };
		F43EE5E62AECDCFF00B3E19E /* ContentView.swift */ = {isa = PBXFileReference; lastKnownFileType = sourcecode.swift; path = ContentView.swift; sourceTree = "<group>"; };
		F43EE5E82AECDF1800B3E19E /* PostView.swift */ = {isa = PBXFileReference; lastKnownFileType = sourcecode.swift; path = PostView.swift; sourceTree = "<group>"; };
		F43EE5EA2AECE03600B3E19E /* SettingsView.swift */ = {isa = PBXFileReference; lastKnownFileType = sourcecode.swift; path = SettingsView.swift; sourceTree = "<group>"; };
		F43EE5EC2AED0EC800B3E19E /* Message.swift */ = {isa = PBXFileReference; lastKnownFileType = sourcecode.swift; path = Message.swift; sourceTree = "<group>"; };
		F44AEB5C2B0D722200AA65FC /* LottieLike.json */ = {isa = PBXFileReference; lastKnownFileType = text.json; path = LottieLike.json; sourceTree = "<group>"; };
		F44AEB5E2B0D742A00AA65FC /* LottieView.swift */ = {isa = PBXFileReference; lastKnownFileType = sourcecode.swift; path = LottieView.swift; sourceTree = "<group>"; };
		F4623E512AEBA4B20044F0C5 /* WDG_iOS.app */ = {isa = PBXFileReference; explicitFileType = wrapper.application; includeInIndex = 0; path = WDG_iOS.app; sourceTree = BUILT_PRODUCTS_DIR; };
		F4623E542AEBA4B20044F0C5 /* WDG_iOSApp.swift */ = {isa = PBXFileReference; lastKnownFileType = sourcecode.swift; path = WDG_iOSApp.swift; sourceTree = "<group>"; };
		F4623E582AEBA4B40044F0C5 /* Assets.xcassets */ = {isa = PBXFileReference; lastKnownFileType = folder.assetcatalog; path = Assets.xcassets; sourceTree = "<group>"; };
		F4623E5B2AEBA4B40044F0C5 /* Preview Assets.xcassets */ = {isa = PBXFileReference; lastKnownFileType = folder.assetcatalog; path = "Preview Assets.xcassets"; sourceTree = "<group>"; };
		F4623E632AEBA5AB0044F0C5 /* LoginView.swift */ = {isa = PBXFileReference; lastKnownFileType = sourcecode.swift; path = LoginView.swift; sourceTree = "<group>"; };
		F4623E692AEBA8180044F0C5 /* DelaGothicOne-Regular.ttf */ = {isa = PBXFileReference; lastKnownFileType = file; path = "DelaGothicOne-Regular.ttf"; sourceTree = "<group>"; };
		F4623E6B2AEBAA0E0044F0C5 /* WDG-iOS-Info.plist */ = {isa = PBXFileReference; lastKnownFileType = text.plist; path = "WDG-iOS-Info.plist"; sourceTree = SOURCE_ROOT; };
		F4623E6E2AEBCD060044F0C5 /* .swiftlint.yml */ = {isa = PBXFileReference; lastKnownFileType = text.yaml; path = .swiftlint.yml; sourceTree = "<group>"; };
		F4623E8D2AEBD9AF0044F0C5 /* Config.xcconfig */ = {isa = PBXFileReference; lastKnownFileType = text.xcconfig; path = Config.xcconfig; sourceTree = "<group>"; };
		F4623E902AEBEA590044F0C5 /* AppDelegate.swift */ = {isa = PBXFileReference; lastKnownFileType = sourcecode.swift; path = AppDelegate.swift; sourceTree = "<group>"; };
		F4623E922AEBEC990044F0C5 /* SceneDelegate.swift */ = {isa = PBXFileReference; lastKnownFileType = sourcecode.swift; path = SceneDelegate.swift; sourceTree = "<group>"; };
		F4623E942AEBF3400044F0C5 /* AuthModel.swift */ = {isa = PBXFileReference; lastKnownFileType = sourcecode.swift; path = AuthModel.swift; sourceTree = "<group>"; };
		F4623E962AEC036B0044F0C5 /* MainListView.swift */ = {isa = PBXFileReference; lastKnownFileType = sourcecode.swift; path = MainListView.swift; sourceTree = "<group>"; };
		F4B3D2F52B32CB3400948868 /* WDG_iOSRelease.entitlements */ = {isa = PBXFileReference; lastKnownFileType = text.plist.entitlements; path = WDG_iOSRelease.entitlements; sourceTree = "<group>"; };
		F4B3D2F92B351DC500948868 /* GADBannerView.swift */ = {isa = PBXFileReference; lastKnownFileType = sourcecode.swift; path = GADBannerView.swift; sourceTree = "<group>"; };
		F4C1B0882AEFCD6D009B9FF3 /* SetNicknameView.swift */ = {isa = PBXFileReference; lastKnownFileType = sourcecode.swift; path = SetNicknameView.swift; sourceTree = "<group>"; };
		F4C1B08C2AF12DD2009B9FF3 /* SetNicknameViewModel.swift */ = {isa = PBXFileReference; lastKnownFileType = sourcecode.swift; path = SetNicknameViewModel.swift; sourceTree = "<group>"; };
		F4C1B08E2AF31F8B009B9FF3 /* ShakeMotion.swift */ = {isa = PBXFileReference; lastKnownFileType = sourcecode.swift; path = ShakeMotion.swift; sourceTree = "<group>"; };
		F4C1B0922AF36738009B9FF3 /* TokenModel.swift */ = {isa = PBXFileReference; lastKnownFileType = sourcecode.swift; path = TokenModel.swift; sourceTree = "<group>"; };
		F4C1B0942AF36858009B9FF3 /* KeyChainSwift.swift */ = {isa = PBXFileReference; lastKnownFileType = sourcecode.swift; path = KeyChainSwift.swift; sourceTree = "<group>"; };
		F4C1B0962AF606B4009B9FF3 /* ProfileView.swift */ = {isa = PBXFileReference; lastKnownFileType = sourcecode.swift; path = ProfileView.swift; sourceTree = "<group>"; };
		F4D28B942B184A2700E61997 /* ColorConverter.swift */ = {isa = PBXFileReference; lastKnownFileType = sourcecode.swift; path = ColorConverter.swift; sourceTree = "<group>"; };
		F4D28B962B186CE900E61997 /* WDG_iOS.entitlements */ = {isa = PBXFileReference; lastKnownFileType = text.plist.entitlements; path = WDG_iOS.entitlements; sourceTree = "<group>"; };
		F4D7892E2B0B4BCB001B9B19 /* UserInfo.swift */ = {isa = PBXFileReference; lastKnownFileType = sourcecode.swift; path = UserInfo.swift; sourceTree = "<group>"; };
		F4E92E602AF8D3E50041C8F4 /* PostModel.swift */ = {isa = PBXFileReference; lastKnownFileType = sourcecode.swift; path = PostModel.swift; sourceTree = "<group>"; };
		F4E92E622AF9C54B0041C8F4 /* LocationModel.swift */ = {isa = PBXFileReference; lastKnownFileType = sourcecode.swift; path = LocationModel.swift; sourceTree = "<group>"; };
		F4E92E642AFE7CCE0041C8F4 /* MyTabView.swift */ = {isa = PBXFileReference; lastKnownFileType = sourcecode.swift; path = MyTabView.swift; sourceTree = "<group>"; };
		F4E92E662AFE7F7B0041C8F4 /* NavbarView.swift */ = {isa = PBXFileReference; lastKnownFileType = sourcecode.swift; path = NavbarView.swift; sourceTree = "<group>"; };
/* End PBXFileReference section */

/* Begin PBXFrameworksBuildPhase section */
		F4623E4E2AEBA4B20044F0C5 /* Frameworks */ = {
			isa = PBXFrameworksBuildPhase;
			buildActionMask = 2147483647;
			files = (
				F4623E862AEBD37F0044F0C5 /* KakaoSDKCertCore in Frameworks */,
				F4623E842AEBD37F0044F0C5 /* KakaoSDKCert in Frameworks */,
				F4623E802AEBD37F0044F0C5 /* KakaoSDK in Frameworks */,
				F4623E882AEBD37F0044F0C5 /* KakaoSDKCommon in Frameworks */,
				F4B3D2F82B351A7E00948868 /* GoogleMobileAds in Frameworks */,
				F4623E822AEBD37F0044F0C5 /* KakaoSDKAuth in Frameworks */,
				F44AEB5B2B0D71D600AA65FC /* Lottie in Frameworks */,
			);
			runOnlyForDeploymentPostprocessing = 0;
		};
/* End PBXFrameworksBuildPhase section */

/* Begin PBXGroup section */
		F4623E482AEBA4B20044F0C5 = {
			isa = PBXGroup;
			children = (
				F4623E8D2AEBD9AF0044F0C5 /* Config.xcconfig */,
				F4623E6E2AEBCD060044F0C5 /* .swiftlint.yml */,
				F4623E532AEBA4B20044F0C5 /* WDG_iOS */,
				F4623E522AEBA4B20044F0C5 /* Products */,
			);
			sourceTree = "<group>";
		};
		F4623E522AEBA4B20044F0C5 /* Products */ = {
			isa = PBXGroup;
			children = (
				F4623E512AEBA4B20044F0C5 /* WDG_iOS.app */,
			);
			name = Products;
			sourceTree = "<group>";
		};
		F4623E532AEBA4B20044F0C5 /* WDG_iOS */ = {
			isa = PBXGroup;
			children = (
				F4B3D2F52B32CB3400948868 /* WDG_iOSRelease.entitlements */,
				F4D28B962B186CE900E61997 /* WDG_iOS.entitlements */,
				F4623E6B2AEBAA0E0044F0C5 /* WDG-iOS-Info.plist */,
				F4623E672AEBA7A90044F0C5 /* Containers */,
				F4623E662AEBA6450044F0C5 /* Models */,
				F4623E542AEBA4B20044F0C5 /* WDG_iOSApp.swift */,
				F4623E622AEBA58B0044F0C5 /* View */,
				F4623E582AEBA4B40044F0C5 /* Assets.xcassets */,
				F4623E5A2AEBA4B40044F0C5 /* Preview Content */,
			);
			path = WDG_iOS;
			sourceTree = "<group>";
		};
		F4623E5A2AEBA4B40044F0C5 /* Preview Content */ = {
			isa = PBXGroup;
			children = (
				F4623E5B2AEBA4B40044F0C5 /* Preview Assets.xcassets */,
			);
			path = "Preview Content";
			sourceTree = "<group>";
		};
		F4623E622AEBA58B0044F0C5 /* View */ = {
			isa = PBXGroup;
			children = (
				F4623E632AEBA5AB0044F0C5 /* LoginView.swift */,
				F4623E962AEC036B0044F0C5 /* MainListView.swift */,
				F4E92E662AFE7F7B0041C8F4 /* NavbarView.swift */,
				F43EE5EA2AECE03600B3E19E /* SettingsView.swift */,
				F4C1B0962AF606B4009B9FF3 /* ProfileView.swift */,
				F43EE5E82AECDF1800B3E19E /* PostView.swift */,
				F43EE5E62AECDCFF00B3E19E /* ContentView.swift */,
				99439B4F2B44E822001882B3 /* BlockView.swift */,
				F4E92E642AFE7CCE0041C8F4 /* MyTabView.swift */,
				F4C1B0882AEFCD6D009B9FF3 /* SetNicknameView.swift */,
				F44AEB5E2B0D742A00AA65FC /* LottieView.swift */,
				F4B3D2F92B351DC500948868 /* GADBannerView.swift */,
			);
			path = View;
			sourceTree = "<group>";
		};
		F4623E662AEBA6450044F0C5 /* Models */ = {
			isa = PBXGroup;
			children = (
				F4623E902AEBEA590044F0C5 /* AppDelegate.swift */,
				99439B4B2B4397A4001882B3 /* MySnackbarDuration.swift */,
				99439B412B43969D001882B3 /* MySnackbar.swift */,
				99439B452B439733001882B3 /* MySnackbarView.swift */,
				99439B492B439783001882B3 /* MySnackbarItem.swift */,
				99439B4D2B4397CA001882B3 /* MySnackbarAction.swift */,
				99439B472B439761001882B3 /* MySnackbarOption.swift */,
				99439B432B4396E1001882B3 /* MySnackbarController.swift */,
				F4623E922AEBEC990044F0C5 /* SceneDelegate.swift */,
				F4623E942AEBF3400044F0C5 /* AuthModel.swift */,
				F4C1B0942AF36858009B9FF3 /* KeyChainSwift.swift */,
				F4C1B0922AF36738009B9FF3 /* TokenModel.swift */,
				F43EE5EC2AED0EC800B3E19E /* Message.swift */,
				F4E92E602AF8D3E50041C8F4 /* PostModel.swift */,
				F4C1B08C2AF12DD2009B9FF3 /* SetNicknameViewModel.swift */,
				F4C1B08E2AF31F8B009B9FF3 /* ShakeMotion.swift */,
				F4D7892E2B0B4BCB001B9B19 /* UserInfo.swift */,
				F4E92E622AF9C54B0041C8F4 /* LocationModel.swift */,
				F4D28B942B184A2700E61997 /* ColorConverter.swift */,
			);
			path = Models;
			sourceTree = "<group>";
		};
		F4623E672AEBA7A90044F0C5 /* Containers */ = {
			isa = PBXGroup;
			children = (
				F4623E6C2AEBC4220044F0C5 /* Images */,
				F4623E682AEBA7B30044F0C5 /* Fonts */,
			);
			path = Containers;
			sourceTree = "<group>";
		};
		F4623E682AEBA7B30044F0C5 /* Fonts */ = {
			isa = PBXGroup;
			children = (
				F4623E692AEBA8180044F0C5 /* DelaGothicOne-Regular.ttf */,
			);
			path = Fonts;
			sourceTree = "<group>";
		};
		F4623E6C2AEBC4220044F0C5 /* Images */ = {
			isa = PBXGroup;
			children = (
				F44AEB5C2B0D722200AA65FC /* LottieLike.json */,
			);
			path = Images;
			sourceTree = "<group>";
		};
/* End PBXGroup section */

/* Begin PBXNativeTarget section */
		F4623E502AEBA4B20044F0C5 /* WDG_iOS */ = {
			isa = PBXNativeTarget;
			buildConfigurationList = F4623E5F2AEBA4B40044F0C5 /* Build configuration list for PBXNativeTarget "WDG_iOS" */;
			buildPhases = (
				F4623E6D2AEBCC8B0044F0C5 /* SwiftLint Script */,
				F4623E4D2AEBA4B20044F0C5 /* Sources */,
				F4623E4E2AEBA4B20044F0C5 /* Frameworks */,
				F4623E4F2AEBA4B20044F0C5 /* Resources */,
			);
			buildRules = (
			);
			dependencies = (
			);
			name = WDG_iOS;
			packageProductDependencies = (
				F4623E7F2AEBD37F0044F0C5 /* KakaoSDK */,
				F4623E812AEBD37F0044F0C5 /* KakaoSDKAuth */,
				F4623E832AEBD37F0044F0C5 /* KakaoSDKCert */,
				F4623E852AEBD37F0044F0C5 /* KakaoSDKCertCore */,
				F4623E872AEBD37F0044F0C5 /* KakaoSDKCommon */,
				F44AEB5A2B0D71D600AA65FC /* Lottie */,
				F4B3D2F72B351A7E00948868 /* GoogleMobileAds */,
			);
			productName = WDG_iOS;
			productReference = F4623E512AEBA4B20044F0C5 /* WDG_iOS.app */;
			productType = "com.apple.product-type.application";
		};
/* End PBXNativeTarget section */

/* Begin PBXProject section */
		F4623E492AEBA4B20044F0C5 /* Project object */ = {
			isa = PBXProject;
			attributes = {
				BuildIndependentTargetsInParallel = 1;
				LastSwiftUpdateCheck = 1500;
				LastUpgradeCheck = 1500;
				TargetAttributes = {
					F4623E502AEBA4B20044F0C5 = {
						CreatedOnToolsVersion = 15.0.1;
					};
				};
			};
			buildConfigurationList = F4623E4C2AEBA4B20044F0C5 /* Build configuration list for PBXProject "WDG_iOS" */;
			compatibilityVersion = "Xcode 14.0";
			developmentRegion = en;
			hasScannedForEncodings = 0;
			knownRegions = (
				en,
				Base,
			);
			mainGroup = F4623E482AEBA4B20044F0C5;
			packageReferences = (
				F4623E7E2AEBD37F0044F0C5 /* XCRemoteSwiftPackageReference "kakao-ios-sdk" */,
				F44AEB592B0D71D600AA65FC /* XCRemoteSwiftPackageReference "lottie-ios" */,
				F4B3D2F62B351A7E00948868 /* XCRemoteSwiftPackageReference "swift-package-manager-google-mobile-ads" */,
			);
			productRefGroup = F4623E522AEBA4B20044F0C5 /* Products */;
			projectDirPath = "";
			projectRoot = "";
			targets = (
				F4623E502AEBA4B20044F0C5 /* WDG_iOS */,
			);
		};
/* End PBXProject section */

/* Begin PBXResourcesBuildPhase section */
		F4623E4F2AEBA4B20044F0C5 /* Resources */ = {
			isa = PBXResourcesBuildPhase;
			buildActionMask = 2147483647;
			files = (
				F4623E6F2AEBCD060044F0C5 /* .swiftlint.yml in Resources */,
				F4623E5C2AEBA4B40044F0C5 /* Preview Assets.xcassets in Resources */,
				F4623E592AEBA4B40044F0C5 /* Assets.xcassets in Resources */,
				F4623E6A2AEBA8180044F0C5 /* DelaGothicOne-Regular.ttf in Resources */,
				F44AEB5D2B0D722200AA65FC /* LottieLike.json in Resources */,
			);
			runOnlyForDeploymentPostprocessing = 0;
		};
/* End PBXResourcesBuildPhase section */

/* Begin PBXShellScriptBuildPhase section */
		F4623E6D2AEBCC8B0044F0C5 /* SwiftLint Script */ = {
			isa = PBXShellScriptBuildPhase;
			buildActionMask = 2147483647;
			files = (
			);
			inputFileListPaths = (
			);
			inputPaths = (
			);
			name = "SwiftLint Script";
			outputFileListPaths = (
			);
			outputPaths = (
			);
			runOnlyForDeploymentPostprocessing = 0;
			shellPath = /bin/sh;
			shellScript = "if [[ \"$(uname -m)\" == arm64 ]]; then\n    export PATH=\"/opt/homebrew/bin:$PATH\"\nfi\n\nif which swiftlint > /dev/null; then\n  swiftlint\nelse\n  echo \"warning: SwiftLint not installed, download from https://github.com/realm/SwiftLint\"\nfi\n";
		};
/* End PBXShellScriptBuildPhase section */

/* Begin PBXSourcesBuildPhase section */
		F4623E4D2AEBA4B20044F0C5 /* Sources */ = {
			isa = PBXSourcesBuildPhase;
			buildActionMask = 2147483647;
			files = (
				F4623E932AEBEC990044F0C5 /* SceneDelegate.swift in Sources */,
				F4623E952AEBF3400044F0C5 /* AuthModel.swift in Sources */,
				F43EE5E92AECDF1800B3E19E /* PostView.swift in Sources */,
				F4C1B08D2AF12DD2009B9FF3 /* SetNicknameViewModel.swift in Sources */,
				99439B4A2B439783001882B3 /* MySnackbarItem.swift in Sources */,
				F4E92E632AF9C54B0041C8F4 /* LocationModel.swift in Sources */,
				99439B482B439761001882B3 /* MySnackbarOption.swift in Sources */,
				F4E92E612AF8D3E60041C8F4 /* PostModel.swift in Sources */,
				F43EE5EB2AECE03600B3E19E /* SettingsView.swift in Sources */,
				F43EE5E72AECDCFF00B3E19E /* ContentView.swift in Sources */,
				F4C1B0952AF36858009B9FF3 /* KeyChainSwift.swift in Sources */,
				F44AEB5F2B0D742A00AA65FC /* LottieView.swift in Sources */,
				F4623E912AEBEA590044F0C5 /* AppDelegate.swift in Sources */,
				F4B3D2FA2B351DC500948868 /* GADBannerView.swift in Sources */,
				F4C1B0972AF606B4009B9FF3 /* ProfileView.swift in Sources */,
				F4623E642AEBA5AB0044F0C5 /* LoginView.swift in Sources */,
				99439B502B44E822001882B3 /* BlockView.swift in Sources */,
				99439B442B4396E1001882B3 /* MySnackbarController.swift in Sources */,
				F4E92E672AFE7F7B0041C8F4 /* NavbarView.swift in Sources */,
				99439B4C2B4397A4001882B3 /* MySnackbarDuration.swift in Sources */,
				F4C1B0892AEFCD6D009B9FF3 /* SetNicknameView.swift in Sources */,
				F4E92E652AFE7CCE0041C8F4 /* MyTabView.swift in Sources */,
				99439B462B439733001882B3 /* MySnackbarView.swift in Sources */,
				F4C1B0932AF36738009B9FF3 /* TokenModel.swift in Sources */,
				F43EE5ED2AED0EC800B3E19E /* Message.swift in Sources */,
				F4623E972AEC036B0044F0C5 /* MainListView.swift in Sources */,
				F4C1B08F2AF31F8B009B9FF3 /* ShakeMotion.swift in Sources */,
				F4D7892F2B0B4BCB001B9B19 /* UserInfo.swift in Sources */,
				99439B422B43969D001882B3 /* MySnackbar.swift in Sources */,
				99439B4E2B4397CA001882B3 /* MySnackbarAction.swift in Sources */,
				F4D28B952B184A2700E61997 /* ColorConverter.swift in Sources */,
				F4623E552AEBA4B20044F0C5 /* WDG_iOSApp.swift in Sources */,
			);
			runOnlyForDeploymentPostprocessing = 0;
		};
/* End PBXSourcesBuildPhase section */

/* Begin XCBuildConfiguration section */
		F4623E5D2AEBA4B40044F0C5 /* Debug */ = {
			isa = XCBuildConfiguration;
			baseConfigurationReference = F4623E8D2AEBD9AF0044F0C5 /* Config.xcconfig */;
			buildSettings = {
				ALWAYS_SEARCH_USER_PATHS = NO;
				ASSETCATALOG_COMPILER_GENERATE_SWIFT_ASSET_SYMBOL_EXTENSIONS = YES;
				CLANG_ANALYZER_NONNULL = YES;
				CLANG_ANALYZER_NUMBER_OBJECT_CONVERSION = YES_AGGRESSIVE;
				CLANG_CXX_LANGUAGE_STANDARD = "gnu++20";
				CLANG_ENABLE_MODULES = YES;
				CLANG_ENABLE_OBJC_ARC = YES;
				CLANG_ENABLE_OBJC_WEAK = YES;
				CLANG_WARN_BLOCK_CAPTURE_AUTORELEASING = YES;
				CLANG_WARN_BOOL_CONVERSION = YES;
				CLANG_WARN_COMMA = YES;
				CLANG_WARN_CONSTANT_CONVERSION = YES;
				CLANG_WARN_DEPRECATED_OBJC_IMPLEMENTATIONS = YES;
				CLANG_WARN_DIRECT_OBJC_ISA_USAGE = YES_ERROR;
				CLANG_WARN_DOCUMENTATION_COMMENTS = YES;
				CLANG_WARN_EMPTY_BODY = YES;
				CLANG_WARN_ENUM_CONVERSION = YES;
				CLANG_WARN_INFINITE_RECURSION = YES;
				CLANG_WARN_INT_CONVERSION = YES;
				CLANG_WARN_NON_LITERAL_NULL_CONVERSION = YES;
				CLANG_WARN_OBJC_IMPLICIT_RETAIN_SELF = YES;
				CLANG_WARN_OBJC_LITERAL_CONVERSION = YES;
				CLANG_WARN_OBJC_ROOT_CLASS = YES_ERROR;
				CLANG_WARN_QUOTED_INCLUDE_IN_FRAMEWORK_HEADER = YES;
				CLANG_WARN_RANGE_LOOP_ANALYSIS = YES;
				CLANG_WARN_STRICT_PROTOTYPES = YES;
				CLANG_WARN_SUSPICIOUS_MOVE = YES;
				CLANG_WARN_UNGUARDED_AVAILABILITY = YES_AGGRESSIVE;
				CLANG_WARN_UNREACHABLE_CODE = YES;
				CLANG_WARN__DUPLICATE_METHOD_MATCH = YES;
				COPY_PHASE_STRIP = NO;
				DEBUG_INFORMATION_FORMAT = dwarf;
				ENABLE_STRICT_OBJC_MSGSEND = YES;
				ENABLE_USER_SCRIPT_SANDBOXING = NO;
				GCC_C_LANGUAGE_STANDARD = gnu17;
				GCC_DYNAMIC_NO_PIC = NO;
				GCC_NO_COMMON_BLOCKS = YES;
				GCC_OPTIMIZATION_LEVEL = 0;
				GCC_PREPROCESSOR_DEFINITIONS = (
					"DEBUG=1",
					"$(inherited)",
				);
				GCC_WARN_64_TO_32_BIT_CONVERSION = YES;
				GCC_WARN_ABOUT_RETURN_TYPE = YES_ERROR;
				GCC_WARN_UNDECLARED_SELECTOR = YES;
				GCC_WARN_UNINITIALIZED_AUTOS = YES_AGGRESSIVE;
				GCC_WARN_UNUSED_FUNCTION = YES;
				GCC_WARN_UNUSED_VARIABLE = YES;
				IPHONEOS_DEPLOYMENT_TARGET = 16.0;
				LOCALIZATION_PREFERS_STRING_CATALOGS = YES;
				MTL_ENABLE_DEBUG_INFO = INCLUDE_SOURCE;
				MTL_FAST_MATH = YES;
				ONLY_ACTIVE_ARCH = YES;
				SDKROOT = iphoneos;
				SWIFT_ACTIVE_COMPILATION_CONDITIONS = "DEBUG $(inherited)";
				SWIFT_OPTIMIZATION_LEVEL = "-Onone";
			};
			name = Debug;
		};
		F4623E5E2AEBA4B40044F0C5 /* Release */ = {
			isa = XCBuildConfiguration;
			baseConfigurationReference = F4623E8D2AEBD9AF0044F0C5 /* Config.xcconfig */;
			buildSettings = {
				ALWAYS_SEARCH_USER_PATHS = NO;
				ASSETCATALOG_COMPILER_GENERATE_SWIFT_ASSET_SYMBOL_EXTENSIONS = YES;
				CLANG_ANALYZER_NONNULL = YES;
				CLANG_ANALYZER_NUMBER_OBJECT_CONVERSION = YES_AGGRESSIVE;
				CLANG_CXX_LANGUAGE_STANDARD = "gnu++20";
				CLANG_ENABLE_MODULES = YES;
				CLANG_ENABLE_OBJC_ARC = YES;
				CLANG_ENABLE_OBJC_WEAK = YES;
				CLANG_WARN_BLOCK_CAPTURE_AUTORELEASING = YES;
				CLANG_WARN_BOOL_CONVERSION = YES;
				CLANG_WARN_COMMA = YES;
				CLANG_WARN_CONSTANT_CONVERSION = YES;
				CLANG_WARN_DEPRECATED_OBJC_IMPLEMENTATIONS = YES;
				CLANG_WARN_DIRECT_OBJC_ISA_USAGE = YES_ERROR;
				CLANG_WARN_DOCUMENTATION_COMMENTS = YES;
				CLANG_WARN_EMPTY_BODY = YES;
				CLANG_WARN_ENUM_CONVERSION = YES;
				CLANG_WARN_INFINITE_RECURSION = YES;
				CLANG_WARN_INT_CONVERSION = YES;
				CLANG_WARN_NON_LITERAL_NULL_CONVERSION = YES;
				CLANG_WARN_OBJC_IMPLICIT_RETAIN_SELF = YES;
				CLANG_WARN_OBJC_LITERAL_CONVERSION = YES;
				CLANG_WARN_OBJC_ROOT_CLASS = YES_ERROR;
				CLANG_WARN_QUOTED_INCLUDE_IN_FRAMEWORK_HEADER = YES;
				CLANG_WARN_RANGE_LOOP_ANALYSIS = YES;
				CLANG_WARN_STRICT_PROTOTYPES = YES;
				CLANG_WARN_SUSPICIOUS_MOVE = YES;
				CLANG_WARN_UNGUARDED_AVAILABILITY = YES_AGGRESSIVE;
				CLANG_WARN_UNREACHABLE_CODE = YES;
				CLANG_WARN__DUPLICATE_METHOD_MATCH = YES;
				COPY_PHASE_STRIP = NO;
				DEBUG_INFORMATION_FORMAT = "dwarf-with-dsym";
				ENABLE_NS_ASSERTIONS = NO;
				ENABLE_STRICT_OBJC_MSGSEND = YES;
				ENABLE_USER_SCRIPT_SANDBOXING = NO;
				GCC_C_LANGUAGE_STANDARD = gnu17;
				GCC_NO_COMMON_BLOCKS = YES;
				GCC_WARN_64_TO_32_BIT_CONVERSION = YES;
				GCC_WARN_ABOUT_RETURN_TYPE = YES_ERROR;
				GCC_WARN_UNDECLARED_SELECTOR = YES;
				GCC_WARN_UNINITIALIZED_AUTOS = YES_AGGRESSIVE;
				GCC_WARN_UNUSED_FUNCTION = YES;
				GCC_WARN_UNUSED_VARIABLE = YES;
				IPHONEOS_DEPLOYMENT_TARGET = 16.0;
				LOCALIZATION_PREFERS_STRING_CATALOGS = YES;
				MTL_ENABLE_DEBUG_INFO = NO;
				MTL_FAST_MATH = YES;
				SDKROOT = iphoneos;
				SWIFT_COMPILATION_MODE = wholemodule;
				VALIDATE_PRODUCT = YES;
			};
			name = Release;
		};
		F4623E602AEBA4B40044F0C5 /* Debug */ = {
			isa = XCBuildConfiguration;
			baseConfigurationReference = F4623E8D2AEBD9AF0044F0C5 /* Config.xcconfig */;
			buildSettings = {
				ASSETCATALOG_COMPILER_APPICON_NAME = AppIcon;
				ASSETCATALOG_COMPILER_GLOBAL_ACCENT_COLOR_NAME = AccentColor;
				CODE_SIGN_ENTITLEMENTS = WDG_iOS/WDG_iOS.entitlements;
				CODE_SIGN_STYLE = Automatic;
				CURRENT_PROJECT_VERSION = 1;
				DEVELOPMENT_ASSET_PATHS = "\"WDG_iOS/Preview Content\"";
				DEVELOPMENT_TEAM = 6AC2WG5B7U;
				ENABLE_PREVIEWS = YES;
				GENERATE_INFOPLIST_FILE = YES;
				INFOPLIST_FILE = "WDG-iOS-Info.plist";
				INFOPLIST_KEY_CFBundleDisplayName = "왔다감";
				INFOPLIST_KEY_LSApplicationCategoryType = "public.app-category.social-networking";
				INFOPLIST_KEY_NSLocationWhenInUseUsageDescription = "사용자의 현재 위치를 기반으로 주변 메세지들을 제공하기 위해 필요한 권한입니다. (필수 권한)";
				INFOPLIST_KEY_UIApplicationSceneManifest_Generation = YES;
				INFOPLIST_KEY_UIApplicationSupportsIndirectInputEvents = YES;
				INFOPLIST_KEY_UILaunchScreen_Generation = YES;
				INFOPLIST_KEY_UIStatusBarStyle = UIStatusBarStyleLightContent;
				INFOPLIST_KEY_UISupportedInterfaceOrientations_iPad = "UIInterfaceOrientationPortrait UIInterfaceOrientationPortraitUpsideDown UIInterfaceOrientationLandscapeLeft UIInterfaceOrientationLandscapeRight";
				INFOPLIST_KEY_UISupportedInterfaceOrientations_iPhone = "UIInterfaceOrientationPortrait UIInterfaceOrientationLandscapeLeft UIInterfaceOrientationLandscapeRight";
				IPHONEOS_DEPLOYMENT_TARGET = 15.0;
				LD_RUNPATH_SEARCH_PATHS = (
					"$(inherited)",
					"@executable_path/Frameworks",
				);
				MARKETING_VERSION = 1.3;
				OTHER_LDFLAGS = "-ObjC";
				PRODUCT_BUNDLE_IDENTIFIER = "com.WatDaGam.WDG-iOS";
				PRODUCT_NAME = "$(TARGET_NAME)";
				SUPPORTED_PLATFORMS = "iphoneos iphonesimulator";
				SUPPORTS_MACCATALYST = NO;
				SWIFT_EMIT_LOC_STRINGS = YES;
				SWIFT_VERSION = 5.0;
				TARGETED_DEVICE_FAMILY = 1;
			};
			name = Debug;
		};
		F4623E612AEBA4B40044F0C5 /* Release */ = {
			isa = XCBuildConfiguration;
			baseConfigurationReference = F4623E8D2AEBD9AF0044F0C5 /* Config.xcconfig */;
			buildSettings = {
				ASSETCATALOG_COMPILER_APPICON_NAME = AppIcon;
				ASSETCATALOG_COMPILER_GLOBAL_ACCENT_COLOR_NAME = AccentColor;
				CODE_SIGN_ENTITLEMENTS = WDG_iOS/WDG_iOSRelease.entitlements;
				CODE_SIGN_STYLE = Automatic;
				CURRENT_PROJECT_VERSION = 1;
				DEVELOPMENT_ASSET_PATHS = "\"WDG_iOS/Preview Content\"";
				DEVELOPMENT_TEAM = 6AC2WG5B7U;
				ENABLE_PREVIEWS = YES;
				GENERATE_INFOPLIST_FILE = YES;
				INFOPLIST_FILE = "WDG-iOS-Info.plist";
				INFOPLIST_KEY_CFBundleDisplayName = "왔다감";
				INFOPLIST_KEY_LSApplicationCategoryType = "public.app-category.social-networking";
				INFOPLIST_KEY_NSLocationWhenInUseUsageDescription = "사용자의 현재 위치를 기반으로 주변 메세지들을 제공하기 위해 필요한 권한입니다. (필수 권한)";
				INFOPLIST_KEY_UIApplicationSceneManifest_Generation = YES;
				INFOPLIST_KEY_UIApplicationSupportsIndirectInputEvents = YES;
				INFOPLIST_KEY_UILaunchScreen_Generation = YES;
				INFOPLIST_KEY_UIStatusBarStyle = UIStatusBarStyleLightContent;
				INFOPLIST_KEY_UISupportedInterfaceOrientations_iPad = "UIInterfaceOrientationPortrait UIInterfaceOrientationPortraitUpsideDown UIInterfaceOrientationLandscapeLeft UIInterfaceOrientationLandscapeRight";
				INFOPLIST_KEY_UISupportedInterfaceOrientations_iPhone = "UIInterfaceOrientationPortrait UIInterfaceOrientationLandscapeLeft UIInterfaceOrientationLandscapeRight";
				IPHONEOS_DEPLOYMENT_TARGET = 15.0;
				LD_RUNPATH_SEARCH_PATHS = (
					"$(inherited)",
					"@executable_path/Frameworks",
				);
				MARKETING_VERSION = 1.3;
				OTHER_LDFLAGS = "-ObjC";
				PRODUCT_BUNDLE_IDENTIFIER = "com.WatDaGam.WDG-iOS";
				PRODUCT_NAME = "$(TARGET_NAME)";
				SUPPORTED_PLATFORMS = "iphoneos iphonesimulator";
				SUPPORTS_MACCATALYST = NO;
				SWIFT_EMIT_LOC_STRINGS = YES;
				SWIFT_VERSION = 5.0;
				TARGETED_DEVICE_FAMILY = 1;
			};
			name = Release;
		};
/* End XCBuildConfiguration section */

/* Begin XCConfigurationList section */
		F4623E4C2AEBA4B20044F0C5 /* Build configuration list for PBXProject "WDG_iOS" */ = {
			isa = XCConfigurationList;
			buildConfigurations = (
				F4623E5D2AEBA4B40044F0C5 /* Debug */,
				F4623E5E2AEBA4B40044F0C5 /* Release */,
			);
			defaultConfigurationIsVisible = 0;
			defaultConfigurationName = Release;
		};
		F4623E5F2AEBA4B40044F0C5 /* Build configuration list for PBXNativeTarget "WDG_iOS" */ = {
			isa = XCConfigurationList;
			buildConfigurations = (
				F4623E602AEBA4B40044F0C5 /* Debug */,
				F4623E612AEBA4B40044F0C5 /* Release */,
			);
			defaultConfigurationIsVisible = 0;
			defaultConfigurationName = Release;
		};
/* End XCConfigurationList section */

/* Begin XCRemoteSwiftPackageReference section */
		F44AEB592B0D71D600AA65FC /* XCRemoteSwiftPackageReference "lottie-ios" */ = {
			isa = XCRemoteSwiftPackageReference;
			repositoryURL = "https://github.com/airbnb/lottie-ios";
			requirement = {
				kind = upToNextMajorVersion;
				minimumVersion = 4.3.3;
			};
		};
		F4623E7E2AEBD37F0044F0C5 /* XCRemoteSwiftPackageReference "kakao-ios-sdk" */ = {
			isa = XCRemoteSwiftPackageReference;
			repositoryURL = "https://github.com/kakao/kakao-ios-sdk";
			requirement = {
				branch = master;
				kind = branch;
			};
		};
		F4B3D2F62B351A7E00948868 /* XCRemoteSwiftPackageReference "swift-package-manager-google-mobile-ads" */ = {
			isa = XCRemoteSwiftPackageReference;
			repositoryURL = "https://github.com/googleads/swift-package-manager-google-mobile-ads.git";
			requirement = {
				kind = upToNextMajorVersion;
				minimumVersion = 10.14.0;
			};
		};
/* End XCRemoteSwiftPackageReference section */

/* Begin XCSwiftPackageProductDependency section */
		F44AEB5A2B0D71D600AA65FC /* Lottie */ = {
			isa = XCSwiftPackageProductDependency;
			package = F44AEB592B0D71D600AA65FC /* XCRemoteSwiftPackageReference "lottie-ios" */;
			productName = Lottie;
		};
		F4623E7F2AEBD37F0044F0C5 /* KakaoSDK */ = {
			isa = XCSwiftPackageProductDependency;
			package = F4623E7E2AEBD37F0044F0C5 /* XCRemoteSwiftPackageReference "kakao-ios-sdk" */;
			productName = KakaoSDK;
		};
		F4623E812AEBD37F0044F0C5 /* KakaoSDKAuth */ = {
			isa = XCSwiftPackageProductDependency;
			package = F4623E7E2AEBD37F0044F0C5 /* XCRemoteSwiftPackageReference "kakao-ios-sdk" */;
			productName = KakaoSDKAuth;
		};
		F4623E832AEBD37F0044F0C5 /* KakaoSDKCert */ = {
			isa = XCSwiftPackageProductDependency;
			package = F4623E7E2AEBD37F0044F0C5 /* XCRemoteSwiftPackageReference "kakao-ios-sdk" */;
			productName = KakaoSDKCert;
		};
		F4623E852AEBD37F0044F0C5 /* KakaoSDKCertCore */ = {
			isa = XCSwiftPackageProductDependency;
			package = F4623E7E2AEBD37F0044F0C5 /* XCRemoteSwiftPackageReference "kakao-ios-sdk" */;
			productName = KakaoSDKCertCore;
		};
		F4623E872AEBD37F0044F0C5 /* KakaoSDKCommon */ = {
			isa = XCSwiftPackageProductDependency;
			package = F4623E7E2AEBD37F0044F0C5 /* XCRemoteSwiftPackageReference "kakao-ios-sdk" */;
			productName = KakaoSDKCommon;
		};
		F4B3D2F72B351A7E00948868 /* GoogleMobileAds */ = {
			isa = XCSwiftPackageProductDependency;
			package = F4B3D2F62B351A7E00948868 /* XCRemoteSwiftPackageReference "swift-package-manager-google-mobile-ads" */;
			productName = GoogleMobileAds;
		};
/* End XCSwiftPackageProductDependency section */
	};
	rootObject = F4623E492AEBA4B20044F0C5 /* Project object */;
}
