// !$*UTF8*$!
{
	archiveVersion = 1;
	classes = {
	};
	objectVersion = 56;
	objects = {

/* Begin PBXBuildFile section */
		F4623E552AEBA4B20044F0C5 /* WDG_iOSApp.swift in Sources */ = {isa = PBXBuildFile; fileRef = F4623E542AEBA4B20044F0C5 /* WDG_iOSApp.swift */; };
		F4623E572AEBA4B20044F0C5 /* ContentView.swift in Sources */ = {isa = PBXBuildFile; fileRef = F4623E562AEBA4B20044F0C5 /* ContentView.swift */; };
		F4623E592AEBA4B40044F0C5 /* Assets.xcassets in Resources */ = {isa = PBXBuildFile; fileRef = F4623E582AEBA4B40044F0C5 /* Assets.xcassets */; };
		F4623E5C2AEBA4B40044F0C5 /* Preview Assets.xcassets in Resources */ = {isa = PBXBuildFile; fileRef = F4623E5B2AEBA4B40044F0C5 /* Preview Assets.xcassets */; };
		F4623E642AEBA5AB0044F0C5 /* LoginView.swift in Sources */ = {isa = PBXBuildFile; fileRef = F4623E632AEBA5AB0044F0C5 /* LoginView.swift */; };
		F4623E6A2AEBA8180044F0C5 /* DelaGothicOne-Regular.ttf in Resources */ = {isa = PBXBuildFile; fileRef = F4623E692AEBA8180044F0C5 /* DelaGothicOne-Regular.ttf */; };
		F4623E6F2AEBCD060044F0C5 /* .swiftlint.yml in Resources */ = {isa = PBXBuildFile; fileRef = F4623E6E2AEBCD060044F0C5 /* .swiftlint.yml */; };
		F4623E802AEBD37F0044F0C5 /* KakaoSDK in Frameworks */ = {isa = PBXBuildFile; productRef = F4623E7F2AEBD37F0044F0C5 /* KakaoSDK */; };
		F4623E822AEBD37F0044F0C5 /* KakaoSDKAuth in Frameworks */ = {isa = PBXBuildFile; productRef = F4623E812AEBD37F0044F0C5 /* KakaoSDKAuth */; };
		F4623E842AEBD37F0044F0C5 /* KakaoSDKCert in Frameworks */ = {isa = PBXBuildFile; productRef = F4623E832AEBD37F0044F0C5 /* KakaoSDKCert */; };
		F4623E862AEBD37F0044F0C5 /* KakaoSDKCertCore in Frameworks */ = {isa = PBXBuildFile; productRef = F4623E852AEBD37F0044F0C5 /* KakaoSDKCertCore */; };
		F4623E882AEBD37F0044F0C5 /* KakaoSDKCommon in Frameworks */ = {isa = PBXBuildFile; productRef = F4623E872AEBD37F0044F0C5 /* KakaoSDKCommon */; };
/* End PBXBuildFile section */

/* Begin PBXFileReference section */
		F4623E512AEBA4B20044F0C5 /* WDG_iOS.app */ = {isa = PBXFileReference; explicitFileType = wrapper.application; includeInIndex = 0; path = WDG_iOS.app; sourceTree = BUILT_PRODUCTS_DIR; };
		F4623E542AEBA4B20044F0C5 /* WDG_iOSApp.swift */ = {isa = PBXFileReference; lastKnownFileType = sourcecode.swift; path = WDG_iOSApp.swift; sourceTree = "<group>"; };
		F4623E562AEBA4B20044F0C5 /* ContentView.swift */ = {isa = PBXFileReference; lastKnownFileType = sourcecode.swift; path = ContentView.swift; sourceTree = "<group>"; };
		F4623E582AEBA4B40044F0C5 /* Assets.xcassets */ = {isa = PBXFileReference; lastKnownFileType = folder.assetcatalog; path = Assets.xcassets; sourceTree = "<group>"; };
		F4623E5B2AEBA4B40044F0C5 /* Preview Assets.xcassets */ = {isa = PBXFileReference; lastKnownFileType = folder.assetcatalog; path = "Preview Assets.xcassets"; sourceTree = "<group>"; };
		F4623E632AEBA5AB0044F0C5 /* LoginView.swift */ = {isa = PBXFileReference; lastKnownFileType = sourcecode.swift; path = LoginView.swift; sourceTree = "<group>"; };
		F4623E692AEBA8180044F0C5 /* DelaGothicOne-Regular.ttf */ = {isa = PBXFileReference; lastKnownFileType = file; path = "DelaGothicOne-Regular.ttf"; sourceTree = "<group>"; };
		F4623E6B2AEBAA0E0044F0C5 /* WDG-iOS-Info.plist */ = {isa = PBXFileReference; lastKnownFileType = text.plist; path = "WDG-iOS-Info.plist"; sourceTree = SOURCE_ROOT; };
		F4623E6E2AEBCD060044F0C5 /* .swiftlint.yml */ = {isa = PBXFileReference; lastKnownFileType = text.yaml; path = .swiftlint.yml; sourceTree = "<group>"; };
		F4623E8D2AEBD9AF0044F0C5 /* Config.xcconfig */ = {isa = PBXFileReference; lastKnownFileType = text.xcconfig; path = Config.xcconfig; sourceTree = "<group>"; };
/* End PBXFileReference section */

/* Begin PBXFrameworksBuildPhase section */
		F4623E4E2AEBA4B20044F0C5 /* Frameworks */ = {
			isa = PBXFrameworksBuildPhase;
			buildActionMask = 2147483647;
			files = (
				F4623E862AEBD37F0044F0C5 /* KakaoSDKCertCore in Frameworks */,
				F4623E842AEBD37F0044F0C5 /* KakaoSDKCert in Frameworks */,
				F4623E802AEBD37F0044F0C5 /* KakaoSDK in Frameworks */,
				F4623E882AEBD37F0044F0C5 /* KakaoSDKCommon in Frameworks */,
				F4623E822AEBD37F0044F0C5 /* KakaoSDKAuth in Frameworks */,
			);
			runOnlyForDeploymentPostprocessing = 0;
		};
/* End PBXFrameworksBuildPhase section */

/* Begin PBXGroup section */
		F4623E482AEBA4B20044F0C5 = {
			isa = PBXGroup;
			children = (
				F4623E8D2AEBD9AF0044F0C5 /* Config.xcconfig */,
				F4623E6E2AEBCD060044F0C5 /* .swiftlint.yml */,
				F4623E532AEBA4B20044F0C5 /* WDG_iOS */,
				F4623E522AEBA4B20044F0C5 /* Products */,
			);
			sourceTree = "<group>";
		};
		F4623E522AEBA4B20044F0C5 /* Products */ = {
			isa = PBXGroup;
			children = (
				F4623E512AEBA4B20044F0C5 /* WDG_iOS.app */,
			);
			name = Products;
			sourceTree = "<group>";
		};
		F4623E532AEBA4B20044F0C5 /* WDG_iOS */ = {
			isa = PBXGroup;
			children = (
				F4623E6B2AEBAA0E0044F0C5 /* WDG-iOS-Info.plist */,
				F4623E672AEBA7A90044F0C5 /* Containers */,
				F4623E662AEBA6450044F0C5 /* Models */,
				F4623E542AEBA4B20044F0C5 /* WDG_iOSApp.swift */,
				F4623E622AEBA58B0044F0C5 /* View */,
				F4623E562AEBA4B20044F0C5 /* ContentView.swift */,
				F4623E582AEBA4B40044F0C5 /* Assets.xcassets */,
				F4623E5A2AEBA4B40044F0C5 /* Preview Content */,
			);
			path = WDG_iOS;
			sourceTree = "<group>";
		};
		F4623E5A2AEBA4B40044F0C5 /* Preview Content */ = {
			isa = PBXGroup;
			children = (
				F4623E5B2AEBA4B40044F0C5 /* Preview Assets.xcassets */,
			);
			path = "Preview Content";
			sourceTree = "<group>";
		};
		F4623E622AEBA58B0044F0C5 /* View */ = {
			isa = PBXGroup;
			children = (
				F4623E632AEBA5AB0044F0C5 /* LoginView.swift */,
			);
			path = View;
			sourceTree = "<group>";
		};
		F4623E662AEBA6450044F0C5 /* Models */ = {
			isa = PBXGroup;
			children = (
			);
			path = Models;
			sourceTree = "<group>";
		};
		F4623E672AEBA7A90044F0C5 /* Containers */ = {
			isa = PBXGroup;
			children = (
				F4623E6C2AEBC4220044F0C5 /* Images */,
				F4623E682AEBA7B30044F0C5 /* Fonts */,
			);
			path = Containers;
			sourceTree = "<group>";
		};
		F4623E682AEBA7B30044F0C5 /* Fonts */ = {
			isa = PBXGroup;
			children = (
				F4623E692AEBA8180044F0C5 /* DelaGothicOne-Regular.ttf */,
			);
			path = Fonts;
			sourceTree = "<group>";
		};
		F4623E6C2AEBC4220044F0C5 /* Images */ = {
			isa = PBXGroup;
			children = (
			);
			path = Images;
			sourceTree = "<group>";
		};
/* End PBXGroup section */

/* Begin PBXNativeTarget section */
		F4623E502AEBA4B20044F0C5 /* WDG_iOS */ = {
			isa = PBXNativeTarget;
			buildConfigurationList = F4623E5F2AEBA4B40044F0C5 /* Build configuration list for PBXNativeTarget "WDG_iOS" */;
			buildPhases = (
				F4623E6D2AEBCC8B0044F0C5 /* SwiftLint Script */,
				F4623E4D2AEBA4B20044F0C5 /* Sources */,
				F4623E4E2AEBA4B20044F0C5 /* Frameworks */,
				F4623E4F2AEBA4B20044F0C5 /* Resources */,
			);
			buildRules = (
			);
			dependencies = (
			);
			name = WDG_iOS;
			packageProductDependencies = (
				F4623E7F2AEBD37F0044F0C5 /* KakaoSDK */,
				F4623E812AEBD37F0044F0C5 /* KakaoSDKAuth */,
				F4623E832AEBD37F0044F0C5 /* KakaoSDKCert */,
				F4623E852AEBD37F0044F0C5 /* KakaoSDKCertCore */,
				F4623E872AEBD37F0044F0C5 /* KakaoSDKCommon */,
			);
			productName = WDG_iOS;
			productReference = F4623E512AEBA4B20044F0C5 /* WDG_iOS.app */;
			productType = "com.apple.product-type.application";
		};
/* End PBXNativeTarget section */

/* Begin PBXProject section */
		F4623E492AEBA4B20044F0C5 /* Project object */ = {
			isa = PBXProject;
			attributes = {
				BuildIndependentTargetsInParallel = 1;
				LastSwiftUpdateCheck = 1500;
				LastUpgradeCheck = 1500;
				TargetAttributes = {
					F4623E502AEBA4B20044F0C5 = {
						CreatedOnToolsVersion = 15.0.1;
					};
				};
			};
			buildConfigurationList = F4623E4C2AEBA4B20044F0C5 /* Build configuration list for PBXProject "WDG_iOS" */;
			compatibilityVersion = "Xcode 14.0";
			developmentRegion = en;
			hasScannedForEncodings = 0;
			knownRegions = (
				en,
				Base,
			);
			mainGroup = F4623E482AEBA4B20044F0C5;
			packageReferences = (
				F4623E7E2AEBD37F0044F0C5 /* XCRemoteSwiftPackageReference "kakao-ios-sdk" */,
			);
			productRefGroup = F4623E522AEBA4B20044F0C5 /* Products */;
			projectDirPath = "";
			projectRoot = "";
			targets = (
				F4623E502AEBA4B20044F0C5 /* WDG_iOS */,
			);
		};
/* End PBXProject section */

/* Begin PBXResourcesBuildPhase section */
		F4623E4F2AEBA4B20044F0C5 /* Resources */ = {
			isa = PBXResourcesBuildPhase;
			buildActionMask = 2147483647;
			files = (
				F4623E6F2AEBCD060044F0C5 /* .swiftlint.yml in Resources */,
				F4623E5C2AEBA4B40044F0C5 /* Preview Assets.xcassets in Resources */,
				F4623E592AEBA4B40044F0C5 /* Assets.xcassets in Resources */,
				F4623E6A2AEBA8180044F0C5 /* DelaGothicOne-Regular.ttf in Resources */,
			);
			runOnlyForDeploymentPostprocessing = 0;
		};
/* End PBXResourcesBuildPhase section */

/* Begin PBXShellScriptBuildPhase section */
		F4623E6D2AEBCC8B0044F0C5 /* SwiftLint Script */ = {
			isa = PBXShellScriptBuildPhase;
			buildActionMask = 2147483647;
			files = (
			);
			inputFileListPaths = (
			);
			inputPaths = (
			);
			name = "SwiftLint Script";
			outputFileListPaths = (
			);
			outputPaths = (
			);
			runOnlyForDeploymentPostprocessing = 0;
			shellPath = /bin/sh;
			shellScript = "if [[ \"$(uname -m)\" == arm64 ]]; then\n    export PATH=\"/opt/homebrew/bin:$PATH\"\nfi\n\nif which swiftlint > /dev/null; then\n  swiftlint\nelse\n  echo \"warning: SwiftLint not installed, download from https://github.com/realm/SwiftLint\"\nfi\n";
		};
/* End PBXShellScriptBuildPhase section */

/* Begin PBXSourcesBuildPhase section */
		F4623E4D2AEBA4B20044F0C5 /* Sources */ = {
			isa = PBXSourcesBuildPhase;
			buildActionMask = 2147483647;
			files = (
				F4623E642AEBA5AB0044F0C5 /* LoginView.swift in Sources */,
				F4623E572AEBA4B20044F0C5 /* ContentView.swift in Sources */,
				F4623E552AEBA4B20044F0C5 /* WDG_iOSApp.swift in Sources */,
			);
			runOnlyForDeploymentPostprocessing = 0;
		};
/* End PBXSourcesBuildPhase section */

/* Begin XCBuildConfiguration section */
		F4623E5D2AEBA4B40044F0C5 /* Debug */ = {
			isa = XCBuildConfiguration;
			buildSettings = {
				ALWAYS_SEARCH_USER_PATHS = NO;
				ASSETCATALOG_COMPILER_GENERATE_SWIFT_ASSET_SYMBOL_EXTENSIONS = YES;
				CLANG_ANALYZER_NONNULL = YES;
				CLANG_ANALYZER_NUMBER_OBJECT_CONVERSION = YES_AGGRESSIVE;
				CLANG_CXX_LANGUAGE_STANDARD = "gnu++20";
				CLANG_ENABLE_MODULES = YES;
				CLANG_ENABLE_OBJC_ARC = YES;
				CLANG_ENABLE_OBJC_WEAK = YES;
				CLANG_WARN_BLOCK_CAPTURE_AUTORELEASING = YES;
				CLANG_WARN_BOOL_CONVERSION = YES;
				CLANG_WARN_COMMA = YES;
				CLANG_WARN_CONSTANT_CONVERSION = YES;
				CLANG_WARN_DEPRECATED_OBJC_IMPLEMENTATIONS = YES;
				CLANG_WARN_DIRECT_OBJC_ISA_USAGE = YES_ERROR;
				CLANG_WARN_DOCUMENTATION_COMMENTS = YES;
				CLANG_WARN_EMPTY_BODY = YES;
				CLANG_WARN_ENUM_CONVERSION = YES;
				CLANG_WARN_INFINITE_RECURSION = YES;
				CLANG_WARN_INT_CONVERSION = YES;
				CLANG_WARN_NON_LITERAL_NULL_CONVERSION = YES;
				CLANG_WARN_OBJC_IMPLICIT_RETAIN_SELF = YES;
				CLANG_WARN_OBJC_LITERAL_CONVERSION = YES;
				CLANG_WARN_OBJC_ROOT_CLASS = YES_ERROR;
				CLANG_WARN_QUOTED_INCLUDE_IN_FRAMEWORK_HEADER = YES;
				CLANG_WARN_RANGE_LOOP_ANALYSIS = YES;
				CLANG_WARN_STRICT_PROTOTYPES = YES;
				CLANG_WARN_SUSPICIOUS_MOVE = YES;
				CLANG_WARN_UNGUARDED_AVAILABILITY = YES_AGGRESSIVE;
				CLANG_WARN_UNREACHABLE_CODE = YES;
				CLANG_WARN__DUPLICATE_METHOD_MATCH = YES;
				COPY_PHASE_STRIP = NO;
				DEBUG_INFORMATION_FORMAT = dwarf;
				ENABLE_STRICT_OBJC_MSGSEND = YES;
				ENABLE_USER_SCRIPT_SANDBOXING = NO;
				GCC_C_LANGUAGE_STANDARD = gnu17;
				GCC_DYNAMIC_NO_PIC = NO;
				GCC_NO_COMMON_BLOCKS = YES;
				GCC_OPTIMIZATION_LEVEL = 0;
				GCC_PREPROCESSOR_DEFINITIONS = (
					"DEBUG=1",
					"$(inherited)",
				);
				GCC_WARN_64_TO_32_BIT_CONVERSION = YES;
				GCC_WARN_ABOUT_RETURN_TYPE = YES_ERROR;
				GCC_WARN_UNDECLARED_SELECTOR = YES;
				GCC_WARN_UNINITIALIZED_AUTOS = YES_AGGRESSIVE;
				GCC_WARN_UNUSED_FUNCTION = YES;
				GCC_WARN_UNUSED_VARIABLE = YES;
				IPHONEOS_DEPLOYMENT_TARGET = 17.0;
				LOCALIZATION_PREFERS_STRING_CATALOGS = YES;
				MTL_ENABLE_DEBUG_INFO = INCLUDE_SOURCE;
				MTL_FAST_MATH = YES;
				ONLY_ACTIVE_ARCH = YES;
				SDKROOT = iphoneos;
				SWIFT_ACTIVE_COMPILATION_CONDITIONS = "DEBUG $(inherited)";
				SWIFT_OPTIMIZATION_LEVEL = "-Onone";
			};
			name = Debug;
		};
		F4623E5E2AEBA4B40044F0C5 /* Release */ = {
			isa = XCBuildConfiguration;
			buildSettings = {
				ALWAYS_SEARCH_USER_PATHS = NO;
				ASSETCATALOG_COMPILER_GENERATE_SWIFT_ASSET_SYMBOL_EXTENSIONS = YES;
				CLANG_ANALYZER_NONNULL = YES;
				CLANG_ANALYZER_NUMBER_OBJECT_CONVERSION = YES_AGGRESSIVE;
				CLANG_CXX_LANGUAGE_STANDARD = "gnu++20";
				CLANG_ENABLE_MODULES = YES;
				CLANG_ENABLE_OBJC_ARC = YES;
				CLANG_ENABLE_OBJC_WEAK = YES;
				CLANG_WARN_BLOCK_CAPTURE_AUTORELEASING = YES;
				CLANG_WARN_BOOL_CONVERSION = YES;
				CLANG_WARN_COMMA = YES;
				CLANG_WARN_CONSTANT_CONVERSION = YES;
				CLANG_WARN_DEPRECATED_OBJC_IMPLEMENTATIONS = YES;
				CLANG_WARN_DIRECT_OBJC_ISA_USAGE = YES_ERROR;
				CLANG_WARN_DOCUMENTATION_COMMENTS = YES;
				CLANG_WARN_EMPTY_BODY = YES;
				CLANG_WARN_ENUM_CONVERSION = YES;
				CLANG_WARN_INFINITE_RECURSION = YES;
				CLANG_WARN_INT_CONVERSION = YES;
				CLANG_WARN_NON_LITERAL_NULL_CONVERSION = YES;
				CLANG_WARN_OBJC_IMPLICIT_RETAIN_SELF = YES;
				CLANG_WARN_OBJC_LITERAL_CONVERSION = YES;
				CLANG_WARN_OBJC_ROOT_CLASS = YES_ERROR;
				CLANG_WARN_QUOTED_INCLUDE_IN_FRAMEWORK_HEADER = YES;
				CLANG_WARN_RANGE_LOOP_ANALYSIS = YES;
				CLANG_WARN_STRICT_PROTOTYPES = YES;
				CLANG_WARN_SUSPICIOUS_MOVE = YES;
				CLANG_WARN_UNGUARDED_AVAILABILITY = YES_AGGRESSIVE;
				CLANG_WARN_UNREACHABLE_CODE = YES;
				CLANG_WARN__DUPLICATE_METHOD_MATCH = YES;
				COPY_PHASE_STRIP = NO;
				DEBUG_INFORMATION_FORMAT = "dwarf-with-dsym";
				ENABLE_NS_ASSERTIONS = NO;
				ENABLE_STRICT_OBJC_MSGSEND = YES;
				ENABLE_USER_SCRIPT_SANDBOXING = NO;
				GCC_C_LANGUAGE_STANDARD = gnu17;
				GCC_NO_COMMON_BLOCKS = YES;
				GCC_WARN_64_TO_32_BIT_CONVERSION = YES;
				GCC_WARN_ABOUT_RETURN_TYPE = YES_ERROR;
				GCC_WARN_UNDECLARED_SELECTOR = YES;
				GCC_WARN_UNINITIALIZED_AUTOS = YES_AGGRESSIVE;
				GCC_WARN_UNUSED_FUNCTION = YES;
				GCC_WARN_UNUSED_VARIABLE = YES;
				IPHONEOS_DEPLOYMENT_TARGET = 17.0;
				LOCALIZATION_PREFERS_STRING_CATALOGS = YES;
				MTL_ENABLE_DEBUG_INFO = NO;
				MTL_FAST_MATH = YES;
				SDKROOT = iphoneos;
				SWIFT_COMPILATION_MODE = wholemodule;
				VALIDATE_PRODUCT = YES;
			};
			name = Release;
		};
		F4623E602AEBA4B40044F0C5 /* Debug */ = {
			isa = XCBuildConfiguration;
			buildSettings = {
				ASSETCATALOG_COMPILER_APPICON_NAME = AppIcon;
				ASSETCATALOG_COMPILER_GLOBAL_ACCENT_COLOR_NAME = AccentColor;
				CODE_SIGN_STYLE = Automatic;
				CURRENT_PROJECT_VERSION = 1;
				DEVELOPMENT_ASSET_PATHS = "\"WDG_iOS/Preview Content\"";
				ENABLE_PREVIEWS = YES;
				GENERATE_INFOPLIST_FILE = YES;
				INFOPLIST_FILE = "WDG-iOS-Info.plist";
				INFOPLIST_KEY_UIApplicationSceneManifest_Generation = YES;
				INFOPLIST_KEY_UIApplicationSupportsIndirectInputEvents = YES;
				INFOPLIST_KEY_UILaunchScreen_Generation = YES;
				INFOPLIST_KEY_UISupportedInterfaceOrientations_iPad = "UIInterfaceOrientationPortrait UIInterfaceOrientationPortraitUpsideDown UIInterfaceOrientationLandscapeLeft UIInterfaceOrientationLandscapeRight";
				INFOPLIST_KEY_UISupportedInterfaceOrientations_iPhone = "UIInterfaceOrientationPortrait UIInterfaceOrientationLandscapeLeft UIInterfaceOrientationLandscapeRight";
				LD_RUNPATH_SEARCH_PATHS = (
					"$(inherited)",
					"@executable_path/Frameworks",
				);
				MARKETING_VERSION = 1.0;
				PRODUCT_BUNDLE_IDENTIFIER = "WatDaGam.WDG-iOS";
				PRODUCT_NAME = "$(TARGET_NAME)";
				SWIFT_EMIT_LOC_STRINGS = YES;
				SWIFT_VERSION = 5.0;
				TARGETED_DEVICE_FAMILY = "1,2";
			};
			name = Debug;
		};
		F4623E612AEBA4B40044F0C5 /* Release */ = {
			isa = XCBuildConfiguration;
			buildSettings = {
				ASSETCATALOG_COMPILER_APPICON_NAME = AppIcon;
				ASSETCATALOG_COMPILER_GLOBAL_ACCENT_COLOR_NAME = AccentColor;
				CODE_SIGN_STYLE = Automatic;
				CURRENT_PROJECT_VERSION = 1;
				DEVELOPMENT_ASSET_PATHS = "\"WDG_iOS/Preview Content\"";
				ENABLE_PREVIEWS = YES;
				GENERATE_INFOPLIST_FILE = YES;
				INFOPLIST_FILE = "WDG-iOS-Info.plist";
				INFOPLIST_KEY_UIApplicationSceneManifest_Generation = YES;
				INFOPLIST_KEY_UIApplicationSupportsIndirectInputEvents = YES;
				INFOPLIST_KEY_UILaunchScreen_Generation = YES;
				INFOPLIST_KEY_UISupportedInterfaceOrientations_iPad = "UIInterfaceOrientationPortrait UIInterfaceOrientationPortraitUpsideDown UIInterfaceOrientationLandscapeLeft UIInterfaceOrientationLandscapeRight";
				INFOPLIST_KEY_UISupportedInterfaceOrientations_iPhone = "UIInterfaceOrientationPortrait UIInterfaceOrientationLandscapeLeft UIInterfaceOrientationLandscapeRight";
				LD_RUNPATH_SEARCH_PATHS = (
					"$(inherited)",
					"@executable_path/Frameworks",
				);
				MARKETING_VERSION = 1.0;
				PRODUCT_BUNDLE_IDENTIFIER = "WatDaGam.WDG-iOS";
				PRODUCT_NAME = "$(TARGET_NAME)";
				SWIFT_EMIT_LOC_STRINGS = YES;
				SWIFT_VERSION = 5.0;
				TARGETED_DEVICE_FAMILY = "1,2";
			};
			name = Release;
		};
/* End XCBuildConfiguration section */

/* Begin XCConfigurationList section */
		F4623E4C2AEBA4B20044F0C5 /* Build configuration list for PBXProject "WDG_iOS" */ = {
			isa = XCConfigurationList;
			buildConfigurations = (
				F4623E5D2AEBA4B40044F0C5 /* Debug */,
				F4623E5E2AEBA4B40044F0C5 /* Release */,
			);
			defaultConfigurationIsVisible = 0;
			defaultConfigurationName = Release;
		};
		F4623E5F2AEBA4B40044F0C5 /* Build configuration list for PBXNativeTarget "WDG_iOS" */ = {
			isa = XCConfigurationList;
			buildConfigurations = (
				F4623E602AEBA4B40044F0C5 /* Debug */,
				F4623E612AEBA4B40044F0C5 /* Release */,
			);
			defaultConfigurationIsVisible = 0;
			defaultConfigurationName = Release;
		};
/* End XCConfigurationList section */

/* Begin XCRemoteSwiftPackageReference section */
		F4623E7E2AEBD37F0044F0C5 /* XCRemoteSwiftPackageReference "kakao-ios-sdk" */ = {
			isa = XCRemoteSwiftPackageReference;
			repositoryURL = "https://github.com/kakao/kakao-ios-sdk";
			requirement = {
				branch = master;
				kind = branch;
			};
		};
/* End XCRemoteSwiftPackageReference section */

/* Begin XCSwiftPackageProductDependency section */
		F4623E7F2AEBD37F0044F0C5 /* KakaoSDK */ = {
			isa = XCSwiftPackageProductDependency;
			package = F4623E7E2AEBD37F0044F0C5 /* XCRemoteSwiftPackageReference "kakao-ios-sdk" */;
			productName = KakaoSDK;
		};
		F4623E812AEBD37F0044F0C5 /* KakaoSDKAuth */ = {
			isa = XCSwiftPackageProductDependency;
			package = F4623E7E2AEBD37F0044F0C5 /* XCRemoteSwiftPackageReference "kakao-ios-sdk" */;
			productName = KakaoSDKAuth;
		};
		F4623E832AEBD37F0044F0C5 /* KakaoSDKCert */ = {
			isa = XCSwiftPackageProductDependency;
			package = F4623E7E2AEBD37F0044F0C5 /* XCRemoteSwiftPackageReference "kakao-ios-sdk" */;
			productName = KakaoSDKCert;
		};
		F4623E852AEBD37F0044F0C5 /* KakaoSDKCertCore */ = {
			isa = XCSwiftPackageProductDependency;
			package = F4623E7E2AEBD37F0044F0C5 /* XCRemoteSwiftPackageReference "kakao-ios-sdk" */;
			productName = KakaoSDKCertCore;
		};
		F4623E872AEBD37F0044F0C5 /* KakaoSDKCommon */ = {
			isa = XCSwiftPackageProductDependency;
			package = F4623E7E2AEBD37F0044F0C5 /* XCRemoteSwiftPackageReference "kakao-ios-sdk" */;
			productName = KakaoSDKCommon;
		};
/* End XCSwiftPackageProductDependency section */
	};
	rootObject = F4623E492AEBA4B20044F0C5 /* Project object */;
}
